
Microsoft Visual Studio Solution File, Format Version 12.00
# Visual Studio Version 16
VisualStudioVersion = 16.0.31205.134
MinimumVisualStudioVersion = 10.0.40219.1
Project("{FAE04EC0-301F-11D3-BF4B-00C04F79EFBC}") = "budgetAPI", "budgetAPI\budgetAPI.csproj", "{61186E1A-E2E7-4D19-B86C-8452A7424BBE}"
EndProject
Global
	GlobalSection(SolutionConfigurationPlatforms) = preSolution
		Debug|Any CPU = Debug|Any CPU
		Release|Any CPU = Release|Any CPU
	EndGlobalSection
	GlobalSection(ProjectConfigurationPlatforms) = postSolution
		{61186E1A-E2E7-4D19-B86C-8452A7424BBE}.Debug|Any CPU.ActiveCfg = Debug|Any CPU
		{61186E1A-E2E7-4D19-B86C-8452A7424BBE}.Debug|Any CPU.Build.0 = Debug|Any CPU
		{61186E1A-E2E7-4D19-B86C-8452A7424BBE}.Release|Any CPU.ActiveCfg = Release|Any CPU
		{61186E1A-E2E7-4D19-B86C-8452A7424BBE}.Release|Any CPU.Build.0 = Release|Any CPU
	EndGlobalSection
	GlobalSection(SolutionProperties) = preSolution
		HideSolutionNode = FALSE
	EndGlobalSection
	GlobalSection(ExtensibilityGlobals) = postSolution
		SolutionGuid = {E7C33B1E-CA10-40D6-906C-298B0E7E39BF}
	EndGlobalSection
EndGlobal
