
Microsoft Visual Studio Solution File, Format Version 12.00
# Visual Studio Version 16
VisualStudioVersion = 16.0.31205.134
MinimumVisualStudioVersion = 10.0.40219.1
Project("{9A19103F-16F7-4668-BE54-9A1E7A4F7556}") = "budgetAPI", "budgetAPI\budgetAPI.csproj", "{9A555519-C0D6-4BD3-B591-C14FAB79BBCE}"
EndProject
Project("{9A19103F-16F7-4668-BE54-9A1E7A4F7556}") = "budgetAPItest", "budgetAPItest\budgetAPItest.csproj", "{8FB17854-7D56-400B-A84E-BCE165099ACD}"
EndProject
Project("{FAE04EC0-301F-11D3-BF4B-00C04F79EFBC}") = "AutomatedTest", "AutomatedTest\AutomatedTest.csproj", "{295C8D4C-E3B3-4689-B9BB-F6639882409D}"
EndProject
Global
	GlobalSection(SolutionConfigurationPlatforms) = preSolution
		Debug|Any CPU = Debug|Any CPU
		Release|Any CPU = Release|Any CPU
	EndGlobalSection
	GlobalSection(ProjectConfigurationPlatforms) = postSolution
		{9A555519-C0D6-4BD3-B591-C14FAB79BBCE}.Debug|Any CPU.ActiveCfg = Debug|Any CPU
		{9A555519-C0D6-4BD3-B591-C14FAB79BBCE}.Debug|Any CPU.Build.0 = Debug|Any CPU
		{9A555519-C0D6-4BD3-B591-C14FAB79BBCE}.Release|Any CPU.ActiveCfg = Release|Any CPU
		{9A555519-C0D6-4BD3-B591-C14FAB79BBCE}.Release|Any CPU.Build.0 = Release|Any CPU
		{8FB17854-7D56-400B-A84E-BCE165099ACD}.Debug|Any CPU.ActiveCfg = Debug|Any CPU
		{8FB17854-7D56-400B-A84E-BCE165099ACD}.Debug|Any CPU.Build.0 = Debug|Any CPU
		{8FB17854-7D56-400B-A84E-BCE165099ACD}.Release|Any CPU.ActiveCfg = Release|Any CPU
		{8FB17854-7D56-400B-A84E-BCE165099ACD}.Release|Any CPU.Build.0 = Release|Any CPU
		{295C8D4C-E3B3-4689-B9BB-F6639882409D}.Debug|Any CPU.ActiveCfg = Debug|Any CPU
		{295C8D4C-E3B3-4689-B9BB-F6639882409D}.Debug|Any CPU.Build.0 = Debug|Any CPU
		{295C8D4C-E3B3-4689-B9BB-F6639882409D}.Release|Any CPU.ActiveCfg = Release|Any CPU
		{295C8D4C-E3B3-4689-B9BB-F6639882409D}.Release|Any CPU.Build.0 = Release|Any CPU
	EndGlobalSection
	GlobalSection(SolutionProperties) = preSolution
		HideSolutionNode = FALSE
	EndGlobalSection
	GlobalSection(ExtensibilityGlobals) = postSolution
		SolutionGuid = {DC391AF0-6CBC-4F39-B911-2B2FF0DDD208}
	EndGlobalSection
EndGlobal
