
Microsoft Visual Studio Solution File, Format Version 12.00
# Visual Studio Version 16
VisualStudioVersion = 16.0.809.7
MinimumVisualStudioVersion = 10.0.40219.1
Project("{FAE04EC0-301F-11D3-BF4B-00C04F79EFBC}") = "diaryApp-backend", "diaryApp-backend\diaryApp-backend.csproj", "{C4BFE555-82A0-48C7-B481-E5281BB0CD09}"
EndProject
Project("{FAE04EC0-301F-11D3-BF4B-00C04F79EFBC}") = "ApiTest", "ApiTest\ApiTest.csproj", "{6D65C15E-31F3-4AB1-88A9-B8D74436E639}"
EndProject
Global
	GlobalSection(SolutionConfigurationPlatforms) = preSolution
		Debug|Any CPU = Debug|Any CPU
		Release|Any CPU = Release|Any CPU
	EndGlobalSection
	GlobalSection(ProjectConfigurationPlatforms) = postSolution
		{C4BFE555-82A0-48C7-B481-E5281BB0CD09}.Debug|Any CPU.ActiveCfg = Debug|Any CPU
		{C4BFE555-82A0-48C7-B481-E5281BB0CD09}.Debug|Any CPU.Build.0 = Debug|Any CPU
		{C4BFE555-82A0-48C7-B481-E5281BB0CD09}.Release|Any CPU.ActiveCfg = Release|Any CPU
		{C4BFE555-82A0-48C7-B481-E5281BB0CD09}.Release|Any CPU.Build.0 = Release|Any CPU
		{6D65C15E-31F3-4AB1-88A9-B8D74436E639}.Debug|Any CPU.ActiveCfg = Debug|Any CPU
		{6D65C15E-31F3-4AB1-88A9-B8D74436E639}.Debug|Any CPU.Build.0 = Debug|Any CPU
		{6D65C15E-31F3-4AB1-88A9-B8D74436E639}.Release|Any CPU.ActiveCfg = Release|Any CPU
		{6D65C15E-31F3-4AB1-88A9-B8D74436E639}.Release|Any CPU.Build.0 = Release|Any CPU
	EndGlobalSection
	GlobalSection(SolutionProperties) = preSolution
		HideSolutionNode = FALSE
	EndGlobalSection
	GlobalSection(ExtensibilityGlobals) = postSolution
		SolutionGuid = {B1FE5527-7048-4EF3-A0DA-65215FA6F747}
	EndGlobalSection
EndGlobal
